
Microsoft Visual Studio Solution File, Format Version 12.00
# Visual Studio Version 17
VisualStudioVersion = 17.7.34202.233
MinimumVisualStudioVersion = 10.0.40219.1
Project("{FAE04EC0-301F-11D3-BF4B-00C04F79EFBC}") = "dz3.03", "dz3.03\dz3.03.csproj", "{75D0EDE5-5289-4193-A75D-109E09B8F014}"
EndProject
Global
	GlobalSection(SolutionConfigurationPlatforms) = preSolution
		Debug|Any CPU = Debug|Any CPU
		Release|Any CPU = Release|Any CPU
	EndGlobalSection
	GlobalSection(ProjectConfigurationPlatforms) = postSolution
		{75D0EDE5-5289-4193-A75D-109E09B8F014}.Debug|Any CPU.ActiveCfg = Debug|Any CPU
		{75D0EDE5-5289-4193-A75D-109E09B8F014}.Debug|Any CPU.Build.0 = Debug|Any CPU
		{75D0EDE5-5289-4193-A75D-109E09B8F014}.Release|Any CPU.ActiveCfg = Release|Any CPU
		{75D0EDE5-5289-4193-A75D-109E09B8F014}.Release|Any CPU.Build.0 = Release|Any CPU
	EndGlobalSection
	GlobalSection(SolutionProperties) = preSolution
		HideSolutionNode = FALSE
	EndGlobalSection
	GlobalSection(ExtensibilityGlobals) = postSolution
		SolutionGuid = {CDA0128C-2495-469A-A416-A5085104284D}
	EndGlobalSection
EndGlobal
